
Microsoft Visual Studio Solution File, Format Version 12.00
# Visual Studio 15
VisualStudioVersion = 15.0.27428.2043
MinimumVisualStudioVersion = 10.0.40219.1
Project("{9A19103F-16F7-4668-BE54-9A1E7A4F7556}") = "rise-dashboard", "rise-dashboard\rise-dashboard.csproj", "{180C6471-044D-4FC5-A6AE-FAB90EAF96C2}"
EndProject
Global
	GlobalSection(SolutionConfigurationPlatforms) = preSolution
		Debug|Any CPU = Debug|Any CPU
		Release|Any CPU = Release|Any CPU
	EndGlobalSection
	GlobalSection(ProjectConfigurationPlatforms) = postSolution
		{180C6471-044D-4FC5-A6AE-FAB90EAF96C2}.Debug|Any CPU.ActiveCfg = Debug|Any CPU
		{180C6471-044D-4FC5-A6AE-FAB90EAF96C2}.Debug|Any CPU.Build.0 = Debug|Any CPU
		{180C6471-044D-4FC5-A6AE-FAB90EAF96C2}.Release|Any CPU.ActiveCfg = Release|Any CPU
		{180C6471-044D-4FC5-A6AE-FAB90EAF96C2}.Release|Any CPU.Build.0 = Release|Any CPU
	EndGlobalSection
	GlobalSection(SolutionProperties) = preSolution
		HideSolutionNode = FALSE
	EndGlobalSection
	GlobalSection(ExtensibilityGlobals) = postSolution
		SolutionGuid = {D2E9282A-8384-4F10-AF6B-AEFF69506C80}
	EndGlobalSection
	GlobalSection(MonoDevelopProperties) = preSolution
		Policies = $0
		$0.DotNetNamingPolicy = $1
		$1.DirectoryNamespaceAssociation = PrefixedHierarchical
		$0.VersionControlPolicy = $2
		version = 1.34
	EndGlobalSection
EndGlobal
