
Microsoft Visual Studio Solution File, Format Version 12.00
# Visual Studio 15
VisualStudioVersion = 15.0.27428.2043
MinimumVisualStudioVersion = 10.0.40219.1
Project("{9A19103F-16F7-4668-BE54-9A1E7A4F7556}") = "rise-dashboard", "rise-dashboard\rise-dashboard.csproj", "{180C6471-044D-4FC5-A6AE-FAB90EAF96C2}"
	ProjectSection(ProjectDependencies) = postProject
		{9C6D302B-2F1D-4646-AD27-4A325DE92258} = {9C6D302B-2F1D-4646-AD27-4A325DE92258}
	EndProjectSection
EndProject
Project("{9A19103F-16F7-4668-BE54-9A1E7A4F7556}") = "rise-lib", "rise-lib\rise-lib\rise-lib.csproj", "{9C6D302B-2F1D-4646-AD27-4A325DE92258}"
EndProject
Project("{9A19103F-16F7-4668-BE54-9A1E7A4F7556}") = "rise-tgbot", "rise-tgbot\rise-tgbot\rise-tgbot.csproj", "{D13334A5-D47B-4E8B-9BCA-7BB1CBF4B363}"
EndProject
Global
	GlobalSection(SolutionConfigurationPlatforms) = preSolution
		Debug|Any CPU = Debug|Any CPU
		Release|Any CPU = Release|Any CPU
	EndGlobalSection
	GlobalSection(ProjectConfigurationPlatforms) = postSolution
		{180C6471-044D-4FC5-A6AE-FAB90EAF96C2}.Debug|Any CPU.ActiveCfg = Debug|Any CPU
		{180C6471-044D-4FC5-A6AE-FAB90EAF96C2}.Debug|Any CPU.Build.0 = Debug|Any CPU
		{180C6471-044D-4FC5-A6AE-FAB90EAF96C2}.Release|Any CPU.ActiveCfg = Release|Any CPU
		{180C6471-044D-4FC5-A6AE-FAB90EAF96C2}.Release|Any CPU.Build.0 = Release|Any CPU
		{9C6D302B-2F1D-4646-AD27-4A325DE92258}.Debug|Any CPU.ActiveCfg = Debug|Any CPU
		{9C6D302B-2F1D-4646-AD27-4A325DE92258}.Debug|Any CPU.Build.0 = Debug|Any CPU
		{9C6D302B-2F1D-4646-AD27-4A325DE92258}.Release|Any CPU.ActiveCfg = Release|Any CPU
		{9C6D302B-2F1D-4646-AD27-4A325DE92258}.Release|Any CPU.Build.0 = Release|Any CPU
		{D13334A5-D47B-4E8B-9BCA-7BB1CBF4B363}.Debug|Any CPU.ActiveCfg = Debug|Any CPU
		{D13334A5-D47B-4E8B-9BCA-7BB1CBF4B363}.Debug|Any CPU.Build.0 = Debug|Any CPU
		{D13334A5-D47B-4E8B-9BCA-7BB1CBF4B363}.Release|Any CPU.ActiveCfg = Release|Any CPU
		{D13334A5-D47B-4E8B-9BCA-7BB1CBF4B363}.Release|Any CPU.Build.0 = Release|Any CPU
	EndGlobalSection
	GlobalSection(SolutionProperties) = preSolution
		HideSolutionNode = FALSE
	EndGlobalSection
	GlobalSection(ExtensibilityGlobals) = postSolution
		SolutionGuid = {D2E9282A-8384-4F10-AF6B-AEFF69506C80}
	EndGlobalSection
EndGlobal
