
Microsoft Visual Studio Solution File, Format Version 12.00
# Visual Studio 15
VisualStudioVersion = 15.0.28307.421
MinimumVisualStudioVersion = 10.0.40219.1
Project("{FAE04EC0-301F-11D3-BF4B-00C04F79EFBC}") = "rise-tgbot", "rise-tgbot\rise-tgbot.csproj", "{A13CA747-6114-497A-B2A8-2F515DAFDEB9}"
EndProject
Global
	GlobalSection(SolutionConfigurationPlatforms) = preSolution
		Debug|Any CPU = Debug|Any CPU
		Release|Any CPU = Release|Any CPU
	EndGlobalSection
	GlobalSection(ProjectConfigurationPlatforms) = postSolution
		{A13CA747-6114-497A-B2A8-2F515DAFDEB9}.Debug|Any CPU.ActiveCfg = Debug|Any CPU
		{A13CA747-6114-497A-B2A8-2F515DAFDEB9}.Debug|Any CPU.Build.0 = Debug|Any CPU
		{A13CA747-6114-497A-B2A8-2F515DAFDEB9}.Release|Any CPU.ActiveCfg = Release|Any CPU
		{A13CA747-6114-497A-B2A8-2F515DAFDEB9}.Release|Any CPU.Build.0 = Release|Any CPU
	EndGlobalSection
	GlobalSection(SolutionProperties) = preSolution
		HideSolutionNode = FALSE
	EndGlobalSection
	GlobalSection(ExtensibilityGlobals) = postSolution
		SolutionGuid = {7EB50E8C-7B6D-41EE-B9D8-0BFA8B9B10B7}
	EndGlobalSection
EndGlobal
